
Microsoft Visual Studio Solution File, Format Version 12.00
# Visual Studio Version 17
VisualStudioVersion = 17.12.35527.113
MinimumVisualStudioVersion = 10.0.40219.1
Project("{FAE04EC0-301F-11D3-BF4B-00C04F79EFBC}") = "NVPN.Host.Server", "NVPN.Host.Server\NVPN.Host.Server.csproj", "{663E50AF-D173-4C0A-9C7C-F95848968488}"
EndProject
Project("{54A90642-561A-4BB1-A94E-469ADEE60C69}") = "nvpn.host.client", "nvpn.host.client\nvpn.host.client.esproj", "{B3764CC0-82BA-41F6-AA9E-593162F0BE8E}"
EndProject
Project("{FAE04EC0-301F-11D3-BF4B-00C04F79EFBC}") = "Services", "Services\Services.csproj", "{6D2C7393-ADBB-41B7-905F-ACC06B239692}"
EndProject
Project("{FAE04EC0-301F-11D3-BF4B-00C04F79EFBC}") = "Domain", "Domain\Domain.csproj", "{41E54A63-E0B8-4754-A6F0-10C64FD543E7}"
EndProject
Project("{2150E333-8FDC-42A3-9474-1A3956D46DE8}") = "Infrastucture", "Infrastucture", "{D0DB9E87-A6E8-4416-A074-C74A0CBD8EE0}"
EndProject
Project("{FAE04EC0-301F-11D3-BF4B-00C04F79EFBC}") = "Persistanse", "Persistanse\Persistanse.csproj", "{2893233C-8CA6-4337-AF91-0962B71A03A0}"
EndProject
Global
	GlobalSection(SolutionConfigurationPlatforms) = preSolution
		Debug|Any CPU = Debug|Any CPU
		Release|Any CPU = Release|Any CPU
	EndGlobalSection
	GlobalSection(ProjectConfigurationPlatforms) = postSolution
		{663E50AF-D173-4C0A-9C7C-F95848968488}.Debug|Any CPU.ActiveCfg = Debug|Any CPU
		{663E50AF-D173-4C0A-9C7C-F95848968488}.Debug|Any CPU.Build.0 = Debug|Any CPU
		{663E50AF-D173-4C0A-9C7C-F95848968488}.Release|Any CPU.ActiveCfg = Release|Any CPU
		{663E50AF-D173-4C0A-9C7C-F95848968488}.Release|Any CPU.Build.0 = Release|Any CPU
		{B3764CC0-82BA-41F6-AA9E-593162F0BE8E}.Debug|Any CPU.ActiveCfg = Debug|Any CPU
		{B3764CC0-82BA-41F6-AA9E-593162F0BE8E}.Debug|Any CPU.Build.0 = Debug|Any CPU
		{B3764CC0-82BA-41F6-AA9E-593162F0BE8E}.Debug|Any CPU.Deploy.0 = Debug|Any CPU
		{B3764CC0-82BA-41F6-AA9E-593162F0BE8E}.Release|Any CPU.ActiveCfg = Release|Any CPU
		{B3764CC0-82BA-41F6-AA9E-593162F0BE8E}.Release|Any CPU.Build.0 = Release|Any CPU
		{B3764CC0-82BA-41F6-AA9E-593162F0BE8E}.Release|Any CPU.Deploy.0 = Release|Any CPU
		{6D2C7393-ADBB-41B7-905F-ACC06B239692}.Debug|Any CPU.ActiveCfg = Debug|Any CPU
		{6D2C7393-ADBB-41B7-905F-ACC06B239692}.Debug|Any CPU.Build.0 = Debug|Any CPU
		{6D2C7393-ADBB-41B7-905F-ACC06B239692}.Release|Any CPU.ActiveCfg = Release|Any CPU
		{6D2C7393-ADBB-41B7-905F-ACC06B239692}.Release|Any CPU.Build.0 = Release|Any CPU
		{41E54A63-E0B8-4754-A6F0-10C64FD543E7}.Debug|Any CPU.ActiveCfg = Debug|Any CPU
		{41E54A63-E0B8-4754-A6F0-10C64FD543E7}.Debug|Any CPU.Build.0 = Debug|Any CPU
		{41E54A63-E0B8-4754-A6F0-10C64FD543E7}.Release|Any CPU.ActiveCfg = Release|Any CPU
		{41E54A63-E0B8-4754-A6F0-10C64FD543E7}.Release|Any CPU.Build.0 = Release|Any CPU
		{2893233C-8CA6-4337-AF91-0962B71A03A0}.Debug|Any CPU.ActiveCfg = Debug|Any CPU
		{2893233C-8CA6-4337-AF91-0962B71A03A0}.Debug|Any CPU.Build.0 = Debug|Any CPU
		{2893233C-8CA6-4337-AF91-0962B71A03A0}.Release|Any CPU.ActiveCfg = Release|Any CPU
		{2893233C-8CA6-4337-AF91-0962B71A03A0}.Release|Any CPU.Build.0 = Release|Any CPU
	EndGlobalSection
	GlobalSection(SolutionProperties) = preSolution
		HideSolutionNode = FALSE
	EndGlobalSection
	GlobalSection(NestedProjects) = preSolution
		{2893233C-8CA6-4337-AF91-0962B71A03A0} = {D0DB9E87-A6E8-4416-A074-C74A0CBD8EE0}
	EndGlobalSection
EndGlobal
