
Microsoft Visual Studio Solution File, Format Version 12.00
# Visual Studio Version 17
VisualStudioVersion = 17.12.35527.113 d17.12
MinimumVisualStudioVersion = 10.0.40219.1
Project("{FAE04EC0-301F-11D3-BF4B-00C04F79EFBC}") = "NVPN.Host.Server", "NVPN.Host.Server\NVPN.Host.Server.csproj", "{663E50AF-D173-4C0A-9C7C-F95848968488}"
EndProject
Project("{54A90642-561A-4BB1-A94E-469ADEE60C69}") = "nvpn.host.client", "nvpn.host.client\nvpn.host.client.esproj", "{B3764CC0-82BA-41F6-AA9E-593162F0BE8E}"
EndProject
Global
	GlobalSection(SolutionConfigurationPlatforms) = preSolution
		Debug|Any CPU = Debug|Any CPU
		Release|Any CPU = Release|Any CPU
	EndGlobalSection
	GlobalSection(ProjectConfigurationPlatforms) = postSolution
		{663E50AF-D173-4C0A-9C7C-F95848968488}.Debug|Any CPU.ActiveCfg = Debug|Any CPU
		{663E50AF-D173-4C0A-9C7C-F95848968488}.Debug|Any CPU.Build.0 = Debug|Any CPU
		{663E50AF-D173-4C0A-9C7C-F95848968488}.Release|Any CPU.ActiveCfg = Release|Any CPU
		{663E50AF-D173-4C0A-9C7C-F95848968488}.Release|Any CPU.Build.0 = Release|Any CPU
		{B3764CC0-82BA-41F6-AA9E-593162F0BE8E}.Debug|Any CPU.ActiveCfg = Debug|Any CPU
		{B3764CC0-82BA-41F6-AA9E-593162F0BE8E}.Debug|Any CPU.Build.0 = Debug|Any CPU
		{B3764CC0-82BA-41F6-AA9E-593162F0BE8E}.Debug|Any CPU.Deploy.0 = Debug|Any CPU
		{B3764CC0-82BA-41F6-AA9E-593162F0BE8E}.Release|Any CPU.ActiveCfg = Release|Any CPU
		{B3764CC0-82BA-41F6-AA9E-593162F0BE8E}.Release|Any CPU.Build.0 = Release|Any CPU
		{B3764CC0-82BA-41F6-AA9E-593162F0BE8E}.Release|Any CPU.Deploy.0 = Release|Any CPU
	EndGlobalSection
	GlobalSection(SolutionProperties) = preSolution
		HideSolutionNode = FALSE
	EndGlobalSection
EndGlobal
